
Microsoft Visual Studio Solution File, Format Version 12.00
# Visual Studio Version 17
VisualStudioVersion = 17.3.32819.101
MinimumVisualStudioVersion = 10.0.40219.1
Project("{9A19103F-16F7-4668-BE54-9A1E7A4F7556}") = "WebAPIMongo", "WebAPIMongo\WebAPIMongo.csproj", "{F985FAE0-AF89-4C59-B02D-075B4CBE0C88}"
EndProject
Global
	GlobalSection(SolutionConfigurationPlatforms) = preSolution
		Debug|Any CPU = Debug|Any CPU
		Release|Any CPU = Release|Any CPU
	EndGlobalSection
	GlobalSection(ProjectConfigurationPlatforms) = postSolution
		{F985FAE0-AF89-4C59-B02D-075B4CBE0C88}.Debug|Any CPU.ActiveCfg = Debug|Any CPU
		{F985FAE0-AF89-4C59-B02D-075B4CBE0C88}.Debug|Any CPU.Build.0 = Debug|Any CPU
		{F985FAE0-AF89-4C59-B02D-075B4CBE0C88}.Release|Any CPU.ActiveCfg = Release|Any CPU
		{F985FAE0-AF89-4C59-B02D-075B4CBE0C88}.Release|Any CPU.Build.0 = Release|Any CPU
	EndGlobalSection
	GlobalSection(SolutionProperties) = preSolution
		HideSolutionNode = FALSE
	EndGlobalSection
	GlobalSection(ExtensibilityGlobals) = postSolution
		SolutionGuid = {137C3CA5-5478-4141-B948-879E986B0631}
	EndGlobalSection
EndGlobal
